
Microsoft Visual Studio Solution File, Format Version 12.00
# Visual Studio Version 17
VisualStudioVersion = 17.4.33403.182
MinimumVisualStudioVersion = 10.0.40219.1
Project("{9A19103F-16F7-4668-BE54-9A1E7A4F7556}") = "ApendendoClasses", "ApendendoClasses\ApendendoClasses.csproj", "{1C6F4288-1666-4CD2-91F0-4F71F6148A85}"
EndProject
Project("{FAE04EC0-301F-11D3-BF4B-00C04F79EFBC}") = "Heranca", "Heranca\Heranca.csproj", "{1CD27352-D512-4978-AEE9-DE8B153E1A83}"
EndProject
Project("{FAE04EC0-301F-11D3-BF4B-00C04F79EFBC}") = "DriagramaDeClasses", "DriagramaDeClasses\DriagramaDeClasses.csproj", "{DFAA7E5C-201F-4BD7-832E-7D9E760BABFC}"
EndProject
Global
	GlobalSection(SolutionConfigurationPlatforms) = preSolution
		Debug|Any CPU = Debug|Any CPU
		Release|Any CPU = Release|Any CPU
	EndGlobalSection
	GlobalSection(ProjectConfigurationPlatforms) = postSolution
		{1C6F4288-1666-4CD2-91F0-4F71F6148A85}.Debug|Any CPU.ActiveCfg = Debug|Any CPU
		{1C6F4288-1666-4CD2-91F0-4F71F6148A85}.Debug|Any CPU.Build.0 = Debug|Any CPU
		{1C6F4288-1666-4CD2-91F0-4F71F6148A85}.Release|Any CPU.ActiveCfg = Release|Any CPU
		{1C6F4288-1666-4CD2-91F0-4F71F6148A85}.Release|Any CPU.Build.0 = Release|Any CPU
		{1CD27352-D512-4978-AEE9-DE8B153E1A83}.Debug|Any CPU.ActiveCfg = Debug|Any CPU
		{1CD27352-D512-4978-AEE9-DE8B153E1A83}.Debug|Any CPU.Build.0 = Debug|Any CPU
		{1CD27352-D512-4978-AEE9-DE8B153E1A83}.Release|Any CPU.ActiveCfg = Release|Any CPU
		{1CD27352-D512-4978-AEE9-DE8B153E1A83}.Release|Any CPU.Build.0 = Release|Any CPU
		{DFAA7E5C-201F-4BD7-832E-7D9E760BABFC}.Debug|Any CPU.ActiveCfg = Debug|Any CPU
		{DFAA7E5C-201F-4BD7-832E-7D9E760BABFC}.Debug|Any CPU.Build.0 = Debug|Any CPU
		{DFAA7E5C-201F-4BD7-832E-7D9E760BABFC}.Release|Any CPU.ActiveCfg = Release|Any CPU
		{DFAA7E5C-201F-4BD7-832E-7D9E760BABFC}.Release|Any CPU.Build.0 = Release|Any CPU
	EndGlobalSection
	GlobalSection(SolutionProperties) = preSolution
		HideSolutionNode = FALSE
	EndGlobalSection
	GlobalSection(ExtensibilityGlobals) = postSolution
		SolutionGuid = {C27045C4-FBFA-4D97-8DBF-3F23181E5BFB}
	EndGlobalSection
EndGlobal
